<?xml version="1.0" encoding="utf-8"?>
<Project ToolsVersion="4.0" xmlns="http://schemas.microsoft.com/developer/msbuild/2003">
  <ItemGroup>
    <Filter Include="Source Files">
      <UniqueIdentifier>{4FC737F1-C7A5-4376-A066-2A32D752A2FF}</UniqueIdentifier>
      <Extensions>cpp;c;cc;cxx;def;odl;idl;hpj;bat;asm;asmx</Extensions>
    </Filter>
    <Filter Include="Header Files">
      <UniqueIdentifier>{93995380-89BD-4b04-88EB-625FBE52EBFB}</UniqueIdentifier>
      <Extensions>h;hpp;hxx;hm;inl;inc;xsd</Extensions>
    </Filter>
    <Filter Include="Resource Files">
      <UniqueIdentifier>{67DA6AB6-F800-4c08-8B7A-83BB121AAD01}</UniqueIdentifier>
      <Extensions>rc;ico;cur;bmp;dlg;rc2;rct;bin;rgs;gif;jpg;jpeg;jpe;resx;tiff;tif;png;wav;mfcribbon-ms</Extensions>
    </Filter>
    <Filter Include="Source Files\HDE32">
      <UniqueIdentifier>{018ae07f-8130-433b-b3b3-bc48d89587bc}</UniqueIdentifier>
    </Filter>
    <Filter Include="Source Files\HDE64">
      <UniqueIdentifier>{c216d12c-6586-4678-ab38-9858bbd7d255}</UniqueIdentifier>
    </Filter>
  </ItemGroup>
  <ItemGroup>
    <Text Include="ReadMe.txt" />
  </ItemGroup>
  <ItemGroup>
    <ClCompile Include="src\buffer.cpp">
      <Filter>Source Files</Filter>
    </ClCompile>
    <ClCompile Include="src\export.cpp">
      <Filter>Source Files</Filter>
    </ClCompile>
    <ClCompile Include="src\hook.cpp">
      <Filter>Source Files</Filter>
    </ClCompile>
    <ClCompile Include="src\thread.cpp">
      <Filter>Source Files</Filter>
    </ClCompile>
    <ClCompile Include="src\trampoline.cpp">
      <Filter>Source Files</Filter>
    </ClCompile>
    <ClCompile Include="src\HDE32\hde32.c">
      <Filter>Source Files\HDE32</Filter>
    </ClCompile>
  </ItemGroup>
  <ItemGroup>
    <ClInclude Include="src\buffer.h">
      <Filter>Source Files</Filter>
    </ClInclude>
    <ClInclude Include="src\hook.h">
      <Filter>Source Files</Filter>
    </ClInclude>
    <ClInclude Include="src\pstdint.h">
      <Filter>Source Files</Filter>
    </ClInclude>
    <ClInclude Include="src\thread.h">
      <Filter>Source Files</Filter>
    </ClInclude>
    <ClInclude Include="src\trampoline.h">
      <Filter>Source Files</Filter>
    </ClInclude>
    <ClInclude Include="src\HDE32\hde32.h">
      <Filter>Source Files\HDE32</Filter>
    </ClInclude>
    <ClInclude Include="src\HDE32\table32.h">
      <Filter>Source Files\HDE32</Filter>
    </ClInclude>
  </ItemGroup>
</Project>